
Microsoft Visual Studio Solution File, Format Version 12.00
# Visual Studio 15
VisualStudioVersion = 15.0.28307.1145
MinimumVisualStudioVersion = 10.0.40219.1
Project("{FAE04EC0-301F-11D3-BF4B-00C04F79EFBC}") = "AccountVerification", "AccountVerification\AccountVerification.csproj", "{E160AB77-7FCF-454F-BD3C-DC7D0CD1DE38}"
EndProject
Global
	GlobalSection(SolutionConfigurationPlatforms) = preSolution
		Debug|Any CPU = Debug|Any CPU
		Release|Any CPU = Release|Any CPU
	EndGlobalSection
	GlobalSection(ProjectConfigurationPlatforms) = postSolution
		{E160AB77-7FCF-454F-BD3C-DC7D0CD1DE38}.Debug|Any CPU.ActiveCfg = Debug|Any CPU
		{E160AB77-7FCF-454F-BD3C-DC7D0CD1DE38}.Debug|Any CPU.Build.0 = Debug|Any CPU
		{E160AB77-7FCF-454F-BD3C-DC7D0CD1DE38}.Release|Any CPU.ActiveCfg = Release|Any CPU
		{E160AB77-7FCF-454F-BD3C-DC7D0CD1DE38}.Release|Any CPU.Build.0 = Release|Any CPU
	EndGlobalSection
	GlobalSection(SolutionProperties) = preSolution
		HideSolutionNode = FALSE
	EndGlobalSection
	GlobalSection(ExtensibilityGlobals) = postSolution
		SolutionGuid = {3BFF232E-86D7-422B-98FE-C0F6C7F1E4DF}
	EndGlobalSection
EndGlobal
